
Microsoft Visual Studio Solution File, Format Version 12.00
# Visual Studio Version 17
VisualStudioVersion = 17.4.33213.308
MinimumVisualStudioVersion = 10.0.40219.1
Project("{2150E333-8FDC-42A3-9474-1A3956D46DE8}") = "Docs", "Docs", "{34E3B1F9-7CD2-40B3-A060-C722EA22FCAD}"
EndProject
Project("{2150E333-8FDC-42A3-9474-1A3956D46DE8}") = "Src", "Src", "{92992DAE-93EB-4AD7-891F-E1046A99A4A9}"
EndProject
Project("{2150E333-8FDC-42A3-9474-1A3956D46DE8}") = "Saga", "Saga", "{6592BA97-1CEC-4977-AF7B-552632EE0368}"
EndProject
Project("{2150E333-8FDC-42A3-9474-1A3956D46DE8}") = "Services", "Services", "{11F366F8-A291-48D3-B988-4E2BE6C983AD}"
EndProject
Project("{9A19103F-16F7-4668-BE54-9A1E7A4F7556}") = "SharedKernel", "Src\SharedKernel\SharedKernel.csproj", "{58134B6E-AAB5-49D5-9FDA-4D2F6CA6521F}"
EndProject
Project("{2150E333-8FDC-42A3-9474-1A3956D46DE8}") = "Open", "Open", "{46D337F1-95E2-49DE-B0FF-118AB33E8ECF}"
EndProject
Project("{2150E333-8FDC-42A3-9474-1A3956D46DE8}") = "Integration", "Integration", "{4480FF50-CE15-4FF9-A2B7-360341D44D32}"
EndProject
Project("{2150E333-8FDC-42A3-9474-1A3956D46DE8}") = "Master", "Master", "{39F80067-1328-4069-93B9-C7C8015211DB}"
EndProject
Project("{2150E333-8FDC-42A3-9474-1A3956D46DE8}") = "Tracking", "Tracking", "{0B04251B-FE8E-406C-9428-F6ADC7F6D90C}"
EndProject
Project("{9A19103F-16F7-4668-BE54-9A1E7A4F7556}") = "OpenVN.UserInterface", "Src\Services\Open\OpenVN.UserInterface\OpenVN.UserInterface.csproj", "{BBA05A70-C1A7-4CCE-ABB3-AFF35BED718C}"
EndProject
Project("{9A19103F-16F7-4668-BE54-9A1E7A4F7556}") = "OpenVN.Domain", "Src\Services\Open\OpenVN.Domain\OpenVN.Domain.csproj", "{98853A35-8FFA-45C8-9436-ABD0D1ACF1B7}"
EndProject
Project("{9A19103F-16F7-4668-BE54-9A1E7A4F7556}") = "OpenVN.Application", "Src\Services\Open\OpenVN.Application\OpenVN.Application.csproj", "{08B96DAF-3839-4D6B-8134-448FDFBF18E1}"
EndProject
Project("{9A19103F-16F7-4668-BE54-9A1E7A4F7556}") = "OpenVN.Infrastructure", "Src\Services\Open\OpenVN.Infrastructure\OpenVN.Infrastructure.csproj", "{A2179B7F-A785-45F4-807B-B328838B34AA}"
EndProject
Project("{9A19103F-16F7-4668-BE54-9A1E7A4F7556}") = "OpenVN.Tracking.Api", "Src\Services\Tracking\Tracking.Api\OpenVN.Tracking.Api\OpenVN.Tracking.Api.csproj", "{9FA956AA-3082-4584-BEB0-933733E058B9}"
EndProject
Project("{9A19103F-16F7-4668-BE54-9A1E7A4F7556}") = "OpenVN.Master.Domain", "Src\Services\Master\OpenVN.Master.Domain\OpenVN.Master.Domain.csproj", "{B0D1EFAD-8319-46AD-8CF7-3BA6A478B581}"
EndProject
Project("{9A19103F-16F7-4668-BE54-9A1E7A4F7556}") = "OpenVN.Master.Application", "Src\Services\Master\OpenVN.Master.Application\OpenVN.Master.Application.csproj", "{2DAB24C2-BA04-4396-931B-2F11F0D4797D}"
EndProject
Project("{9A19103F-16F7-4668-BE54-9A1E7A4F7556}") = "OpenVN.Master.Api", "Src\Services\Master\OpenVN.Master.Api\OpenVN.Master.Api.csproj", "{F1295A00-6675-44B5-876E-222AAD0AD4CE}"
EndProject
Project("{9A19103F-16F7-4668-BE54-9A1E7A4F7556}") = "OpenVN.Master.Infrastructure", "Src\Services\Master\OpenVN.Master.Infrastructure\OpenVN.Master.Infrastructure.csproj", "{557A53AB-9EE8-4FD0-9634-36820283AAB9}"
EndProject
Project("{2150E333-8FDC-42A3-9474-1A3956D46DE8}") = "ScheduleJob", "ScheduleJob", "{3A78A5CD-249E-403A-880F-02F2AB7C7E04}"
EndProject
Project("{9A19103F-16F7-4668-BE54-9A1E7A4F7556}") = "OpenVN.BackgroundJobs", "Src\Services\ScheduleJob\OpenVN.BackgroundJobs\OpenVN.BackgroundJobs.csproj", "{19BCDBF4-FD7F-4CF1-9070-15C9F88523CB}"
EndProject
Project("{9A19103F-16F7-4668-BE54-9A1E7A4F7556}") = "OpenVN.Integrations", "Src\Services\Integration\OpenVN.Integrations\OpenVN.Integrations.csproj", "{1CDC06C3-009A-448C-B4BD-D5FCFDFF377B}"
EndProject
Project("{9A19103F-16F7-4668-BE54-9A1E7A4F7556}") = "OpenVN.Audit", "Src\Services\Integration\OpenVN.Audit\OpenVN.Audit.csproj", "{47FED2B0-0705-4FD0-A1B1-84E1FD680F51}"
EndProject
Global
	GlobalSection(SolutionConfigurationPlatforms) = preSolution
		Debug|Any CPU = Debug|Any CPU
		Release|Any CPU = Release|Any CPU
	EndGlobalSection
	GlobalSection(ProjectConfigurationPlatforms) = postSolution
		{58134B6E-AAB5-49D5-9FDA-4D2F6CA6521F}.Debug|Any CPU.ActiveCfg = Debug|Any CPU
		{58134B6E-AAB5-49D5-9FDA-4D2F6CA6521F}.Debug|Any CPU.Build.0 = Debug|Any CPU
		{58134B6E-AAB5-49D5-9FDA-4D2F6CA6521F}.Release|Any CPU.ActiveCfg = Release|Any CPU
		{58134B6E-AAB5-49D5-9FDA-4D2F6CA6521F}.Release|Any CPU.Build.0 = Release|Any CPU
		{BBA05A70-C1A7-4CCE-ABB3-AFF35BED718C}.Debug|Any CPU.ActiveCfg = Debug|Any CPU
		{BBA05A70-C1A7-4CCE-ABB3-AFF35BED718C}.Debug|Any CPU.Build.0 = Debug|Any CPU
		{BBA05A70-C1A7-4CCE-ABB3-AFF35BED718C}.Release|Any CPU.ActiveCfg = Release|Any CPU
		{BBA05A70-C1A7-4CCE-ABB3-AFF35BED718C}.Release|Any CPU.Build.0 = Release|Any CPU
		{98853A35-8FFA-45C8-9436-ABD0D1ACF1B7}.Debug|Any CPU.ActiveCfg = Debug|Any CPU
		{98853A35-8FFA-45C8-9436-ABD0D1ACF1B7}.Debug|Any CPU.Build.0 = Debug|Any CPU
		{98853A35-8FFA-45C8-9436-ABD0D1ACF1B7}.Release|Any CPU.ActiveCfg = Release|Any CPU
		{98853A35-8FFA-45C8-9436-ABD0D1ACF1B7}.Release|Any CPU.Build.0 = Release|Any CPU
		{08B96DAF-3839-4D6B-8134-448FDFBF18E1}.Debug|Any CPU.ActiveCfg = Debug|Any CPU
		{08B96DAF-3839-4D6B-8134-448FDFBF18E1}.Debug|Any CPU.Build.0 = Debug|Any CPU
		{08B96DAF-3839-4D6B-8134-448FDFBF18E1}.Release|Any CPU.ActiveCfg = Release|Any CPU
		{08B96DAF-3839-4D6B-8134-448FDFBF18E1}.Release|Any CPU.Build.0 = Release|Any CPU
		{A2179B7F-A785-45F4-807B-B328838B34AA}.Debug|Any CPU.ActiveCfg = Debug|Any CPU
		{A2179B7F-A785-45F4-807B-B328838B34AA}.Debug|Any CPU.Build.0 = Debug|Any CPU
		{A2179B7F-A785-45F4-807B-B328838B34AA}.Release|Any CPU.ActiveCfg = Release|Any CPU
		{A2179B7F-A785-45F4-807B-B328838B34AA}.Release|Any CPU.Build.0 = Release|Any CPU
		{9FA956AA-3082-4584-BEB0-933733E058B9}.Debug|Any CPU.ActiveCfg = Debug|Any CPU
		{9FA956AA-3082-4584-BEB0-933733E058B9}.Debug|Any CPU.Build.0 = Debug|Any CPU
		{9FA956AA-3082-4584-BEB0-933733E058B9}.Release|Any CPU.ActiveCfg = Release|Any CPU
		{9FA956AA-3082-4584-BEB0-933733E058B9}.Release|Any CPU.Build.0 = Release|Any CPU
		{B0D1EFAD-8319-46AD-8CF7-3BA6A478B581}.Debug|Any CPU.ActiveCfg = Debug|Any CPU
		{B0D1EFAD-8319-46AD-8CF7-3BA6A478B581}.Debug|Any CPU.Build.0 = Debug|Any CPU
		{B0D1EFAD-8319-46AD-8CF7-3BA6A478B581}.Release|Any CPU.ActiveCfg = Release|Any CPU
		{B0D1EFAD-8319-46AD-8CF7-3BA6A478B581}.Release|Any CPU.Build.0 = Release|Any CPU
		{2DAB24C2-BA04-4396-931B-2F11F0D4797D}.Debug|Any CPU.ActiveCfg = Debug|Any CPU
		{2DAB24C2-BA04-4396-931B-2F11F0D4797D}.Debug|Any CPU.Build.0 = Debug|Any CPU
		{2DAB24C2-BA04-4396-931B-2F11F0D4797D}.Release|Any CPU.ActiveCfg = Release|Any CPU
		{2DAB24C2-BA04-4396-931B-2F11F0D4797D}.Release|Any CPU.Build.0 = Release|Any CPU
		{F1295A00-6675-44B5-876E-222AAD0AD4CE}.Debug|Any CPU.ActiveCfg = Debug|Any CPU
		{F1295A00-6675-44B5-876E-222AAD0AD4CE}.Debug|Any CPU.Build.0 = Debug|Any CPU
		{F1295A00-6675-44B5-876E-222AAD0AD4CE}.Release|Any CPU.ActiveCfg = Release|Any CPU
		{F1295A00-6675-44B5-876E-222AAD0AD4CE}.Release|Any CPU.Build.0 = Release|Any CPU
		{557A53AB-9EE8-4FD0-9634-36820283AAB9}.Debug|Any CPU.ActiveCfg = Debug|Any CPU
		{557A53AB-9EE8-4FD0-9634-36820283AAB9}.Debug|Any CPU.Build.0 = Debug|Any CPU
		{557A53AB-9EE8-4FD0-9634-36820283AAB9}.Release|Any CPU.ActiveCfg = Release|Any CPU
		{557A53AB-9EE8-4FD0-9634-36820283AAB9}.Release|Any CPU.Build.0 = Release|Any CPU
		{19BCDBF4-FD7F-4CF1-9070-15C9F88523CB}.Debug|Any CPU.ActiveCfg = Debug|Any CPU
		{19BCDBF4-FD7F-4CF1-9070-15C9F88523CB}.Debug|Any CPU.Build.0 = Debug|Any CPU
		{19BCDBF4-FD7F-4CF1-9070-15C9F88523CB}.Release|Any CPU.ActiveCfg = Release|Any CPU
		{19BCDBF4-FD7F-4CF1-9070-15C9F88523CB}.Release|Any CPU.Build.0 = Release|Any CPU
		{1CDC06C3-009A-448C-B4BD-D5FCFDFF377B}.Debug|Any CPU.ActiveCfg = Debug|Any CPU
		{1CDC06C3-009A-448C-B4BD-D5FCFDFF377B}.Debug|Any CPU.Build.0 = Debug|Any CPU
		{1CDC06C3-009A-448C-B4BD-D5FCFDFF377B}.Release|Any CPU.ActiveCfg = Release|Any CPU
		{1CDC06C3-009A-448C-B4BD-D5FCFDFF377B}.Release|Any CPU.Build.0 = Release|Any CPU
		{47FED2B0-0705-4FD0-A1B1-84E1FD680F51}.Debug|Any CPU.ActiveCfg = Debug|Any CPU
		{47FED2B0-0705-4FD0-A1B1-84E1FD680F51}.Debug|Any CPU.Build.0 = Debug|Any CPU
		{47FED2B0-0705-4FD0-A1B1-84E1FD680F51}.Release|Any CPU.ActiveCfg = Release|Any CPU
		{47FED2B0-0705-4FD0-A1B1-84E1FD680F51}.Release|Any CPU.Build.0 = Release|Any CPU
	EndGlobalSection
	GlobalSection(SolutionProperties) = preSolution
		HideSolutionNode = FALSE
	EndGlobalSection
	GlobalSection(NestedProjects) = preSolution
		{6592BA97-1CEC-4977-AF7B-552632EE0368} = {92992DAE-93EB-4AD7-891F-E1046A99A4A9}
		{11F366F8-A291-48D3-B988-4E2BE6C983AD} = {92992DAE-93EB-4AD7-891F-E1046A99A4A9}
		{58134B6E-AAB5-49D5-9FDA-4D2F6CA6521F} = {92992DAE-93EB-4AD7-891F-E1046A99A4A9}
		{46D337F1-95E2-49DE-B0FF-118AB33E8ECF} = {11F366F8-A291-48D3-B988-4E2BE6C983AD}
		{4480FF50-CE15-4FF9-A2B7-360341D44D32} = {11F366F8-A291-48D3-B988-4E2BE6C983AD}
		{39F80067-1328-4069-93B9-C7C8015211DB} = {11F366F8-A291-48D3-B988-4E2BE6C983AD}
		{0B04251B-FE8E-406C-9428-F6ADC7F6D90C} = {11F366F8-A291-48D3-B988-4E2BE6C983AD}
		{BBA05A70-C1A7-4CCE-ABB3-AFF35BED718C} = {46D337F1-95E2-49DE-B0FF-118AB33E8ECF}
		{98853A35-8FFA-45C8-9436-ABD0D1ACF1B7} = {46D337F1-95E2-49DE-B0FF-118AB33E8ECF}
		{08B96DAF-3839-4D6B-8134-448FDFBF18E1} = {46D337F1-95E2-49DE-B0FF-118AB33E8ECF}
		{A2179B7F-A785-45F4-807B-B328838B34AA} = {46D337F1-95E2-49DE-B0FF-118AB33E8ECF}
		{9FA956AA-3082-4584-BEB0-933733E058B9} = {0B04251B-FE8E-406C-9428-F6ADC7F6D90C}
		{B0D1EFAD-8319-46AD-8CF7-3BA6A478B581} = {39F80067-1328-4069-93B9-C7C8015211DB}
		{2DAB24C2-BA04-4396-931B-2F11F0D4797D} = {39F80067-1328-4069-93B9-C7C8015211DB}
		{F1295A00-6675-44B5-876E-222AAD0AD4CE} = {39F80067-1328-4069-93B9-C7C8015211DB}
		{557A53AB-9EE8-4FD0-9634-36820283AAB9} = {39F80067-1328-4069-93B9-C7C8015211DB}
		{3A78A5CD-249E-403A-880F-02F2AB7C7E04} = {11F366F8-A291-48D3-B988-4E2BE6C983AD}
		{19BCDBF4-FD7F-4CF1-9070-15C9F88523CB} = {3A78A5CD-249E-403A-880F-02F2AB7C7E04}
		{1CDC06C3-009A-448C-B4BD-D5FCFDFF377B} = {4480FF50-CE15-4FF9-A2B7-360341D44D32}
		{47FED2B0-0705-4FD0-A1B1-84E1FD680F51} = {4480FF50-CE15-4FF9-A2B7-360341D44D32}
	EndGlobalSection
	GlobalSection(ExtensibilityGlobals) = postSolution
		SolutionGuid = {AEE47F2F-70E2-4D89-8449-22075C305244}
	EndGlobalSection
EndGlobal
